{
  "name": "rainskills",
  "version": "0.1.0-rc.0",
  "lockfileVersion": 3,
  "requires": true,
  "packages": {
    "": {
      "name": "rainskills",
      "version": "0.1.0-rc.0",
      "license": "Apache-2.0",
      "os": [
        "darwin",
        "linux"
      ],
      "bin": {
        "rainskills": "bin/rainskills.js"
      },
      "engines": {
        "node": ">=18"
      }
    }
  }
}
